// !$*UTF8*$!
{
	archiveVersion = 1;
	classes = {
	};
	objectVersion = 46;
	objects = {

/* Begin PBXBuildFile section */
		A7EB4E131CD3428D003149F1 /* main.m in Sources */ = {isa = PBXBuildFile; fileRef = A7EB4E121CD3428D003149F1 /* main.m */; };
		A7EB4E161CD3428D003149F1 /* AppDelegate.m in Sources */ = {isa = PBXBuildFile; fileRef = A7EB4E151CD3428D003149F1 /* AppDelegate.m */; };
		A7EB4E191CD3428D003149F1 /* ViewController.m in Sources */ = {isa = PBXBuildFile; fileRef = A7EB4E181CD3428D003149F1 /* ViewController.m */; };
		A7EB4E1C1CD3428D003149F1 /* Main.storyboard in Resources */ = {isa = PBXBuildFile; fileRef = A7EB4E1A1CD3428D003149F1 /* Main.storyboard */; };
		A7EB4E1F1CD3428D003149F1 /* ContainerEx.xcdatamodeld in Sources */ = {isa = PBXBuildFile; fileRef = A7EB4E1D1CD3428D003149F1 /* ContainerEx.xcdatamodeld */; };
		A7EB4E211CD3428D003149F1 /* Assets.xcassets in Resources */ = {isa = PBXBuildFile; fileRef = A7EB4E201CD3428D003149F1 /* Assets.xcassets */; };
		A7EB4E241CD3428D003149F1 /* LaunchScreen.storyboard in Resources */ = {isa = PBXBuildFile; fileRef = A7EB4E221CD3428D003149F1 /* LaunchScreen.storyboard */; };
		A7EB4E2F1CD3428D003149F1 /* ContainerExTests.m in Sources */ = {isa = PBXBuildFile; fileRef = A7EB4E2E1CD3428D003149F1 /* ContainerExTests.m */; };
		A7EB4E3A1CD3428D003149F1 /* ContainerExUITests.m in Sources */ = {isa = PBXBuildFile; fileRef = A7EB4E391CD3428D003149F1 /* ContainerExUITests.m */; };
		A7EB4E571CD34AFD003149F1 /* BaseViewController.m in Sources */ = {isa = PBXBuildFile; fileRef = A7EB4E561CD34AFD003149F1 /* BaseViewController.m */; };
		A7EB4E5D1CD34EC3003149F1 /* SliderMenuTableViewCell.m in Sources */ = {isa = PBXBuildFile; fileRef = A7EB4E5B1CD34EC3003149F1 /* SliderMenuTableViewCell.m */; };
		A7EB4E5E1CD34EC3003149F1 /* SliderMenuTableViewCell.xib in Resources */ = {isa = PBXBuildFile; fileRef = A7EB4E5C1CD34EC3003149F1 /* SliderMenuTableViewCell.xib */; };
/* End PBXBuildFile section */

/* Begin PBXContainerItemProxy section */
		A7EB4E2B1CD3428D003149F1 /* PBXContainerItemProxy */ = {
			isa = PBXContainerItemProxy;
			containerPortal = A7EB4E061CD3428D003149F1 /* Project object */;
			proxyType = 1;
			remoteGlobalIDString = A7EB4E0D1CD3428D003149F1;
			remoteInfo = ContainerEx;
		};
		A7EB4E361CD3428D003149F1 /* PBXContainerItemProxy */ = {
			isa = PBXContainerItemProxy;
			containerPortal = A7EB4E061CD3428D003149F1 /* Project object */;
			proxyType = 1;
			remoteGlobalIDString = A7EB4E0D1CD3428D003149F1;
			remoteInfo = ContainerEx;
		};
/* End PBXContainerItemProxy section */

/* Begin PBXFileReference section */
		A7EB4E0E1CD3428D003149F1 /* ContainerEx.app */ = {isa = PBXFileReference; explicitFileType = wrapper.application; includeInIndex = 0; path = ContainerEx.app; sourceTree = BUILT_PRODUCTS_DIR; };
		A7EB4E121CD3428D003149F1 /* main.m */ = {isa = PBXFileReference; lastKnownFileType = sourcecode.c.objc; path = main.m; sourceTree = "<group>"; };
		A7EB4E141CD3428D003149F1 /* AppDelegate.h */ = {isa = PBXFileReference; lastKnownFileType = sourcecode.c.h; path = AppDelegate.h; sourceTree = "<group>"; };
		A7EB4E151CD3428D003149F1 /* AppDelegate.m */ = {isa = PBXFileReference; lastKnownFileType = sourcecode.c.objc; path = AppDelegate.m; sourceTree = "<group>"; };
		A7EB4E171CD3428D003149F1 /* ViewController.h */ = {isa = PBXFileReference; lastKnownFileType = sourcecode.c.h; path = ViewController.h; sourceTree = "<group>"; };
		A7EB4E181CD3428D003149F1 /* ViewController.m */ = {isa = PBXFileReference; lastKnownFileType = sourcecode.c.objc; path = ViewController.m; sourceTree = "<group>"; };
		A7EB4E1B1CD3428D003149F1 /* Base */ = {isa = PBXFileReference; lastKnownFileType = file.storyboard; name = Base; path = Base.lproj/Main.storyboard; sourceTree = "<group>"; };
		A7EB4E1E1CD3428D003149F1 /* ContainerEx.xcdatamodel */ = {isa = PBXFileReference; lastKnownFileType = wrapper.xcdatamodel; path = ContainerEx.xcdatamodel; sourceTree = "<group>"; };
		A7EB4E201CD3428D003149F1 /* Assets.xcassets */ = {isa = PBXFileReference; lastKnownFileType = folder.assetcatalog; path = Assets.xcassets; sourceTree = "<group>"; };
		A7EB4E231CD3428D003149F1 /* Base */ = {isa = PBXFileReference; lastKnownFileType = file.storyboard; name = Base; path = Base.lproj/LaunchScreen.storyboard; sourceTree = "<group>"; };
		A7EB4E251CD3428D003149F1 /* Info.plist */ = {isa = PBXFileReference; lastKnownFileType = text.plist.xml; path = Info.plist; sourceTree = "<group>"; };
		A7EB4E2A1CD3428D003149F1 /* ContainerExTests.xctest */ = {isa = PBXFileReference; explicitFileType = wrapper.cfbundle; includeInIndex = 0; path = ContainerExTests.xctest; sourceTree = BUILT_PRODUCTS_DIR; };
		A7EB4E2E1CD3428D003149F1 /* ContainerExTests.m */ = {isa = PBXFileReference; lastKnownFileType = sourcecode.c.objc; path = ContainerExTests.m; sourceTree = "<group>"; };
		A7EB4E301CD3428D003149F1 /* Info.plist */ = {isa = PBXFileReference; lastKnownFileType = text.plist.xml; path = Info.plist; sourceTree = "<group>"; };
		A7EB4E351CD3428D003149F1 /* ContainerExUITests.xctest */ = {isa = PBXFileReference; explicitFileType = wrapper.cfbundle; includeInIndex = 0; path = ContainerExUITests.xctest; sourceTree = BUILT_PRODUCTS_DIR; };
		A7EB4E391CD3428D003149F1 /* ContainerExUITests.m */ = {isa = PBXFileReference; lastKnownFileType = sourcecode.c.objc; path = ContainerExUITests.m; sourceTree = "<group>"; };
		A7EB4E3B1CD3428D003149F1 /* Info.plist */ = {isa = PBXFileReference; lastKnownFileType = text.plist.xml; path = Info.plist; sourceTree = "<group>"; };
		A7EB4E551CD34AFD003149F1 /* BaseViewController.h */ = {isa = PBXFileReference; fileEncoding = 4; lastKnownFileType = sourcecode.c.h; path = BaseViewController.h; sourceTree = "<group>"; };
		A7EB4E561CD34AFD003149F1 /* BaseViewController.m */ = {isa = PBXFileReference; fileEncoding = 4; lastKnownFileType = sourcecode.c.objc; path = BaseViewController.m; sourceTree = "<group>"; };
		A7EB4E5A1CD34EC3003149F1 /* SliderMenuTableViewCell.h */ = {isa = PBXFileReference; fileEncoding = 4; lastKnownFileType = sourcecode.c.h; path = SliderMenuTableViewCell.h; sourceTree = "<group>"; };
		A7EB4E5B1CD34EC3003149F1 /* SliderMenuTableViewCell.m */ = {isa = PBXFileReference; fileEncoding = 4; lastKnownFileType = sourcecode.c.objc; path = SliderMenuTableViewCell.m; sourceTree = "<group>"; };
		A7EB4E5C1CD34EC3003149F1 /* SliderMenuTableViewCell.xib */ = {isa = PBXFileReference; fileEncoding = 4; lastKnownFileType = file.xib; path = SliderMenuTableViewCell.xib; sourceTree = "<group>"; };
/* End PBXFileReference section */

/* Begin PBXFrameworksBuildPhase section */
		A7EB4E0B1CD3428D003149F1 /* Frameworks */ = {
			isa = PBXFrameworksBuildPhase;
			buildActionMask = 2147483647;
			files = (
			);
			runOnlyForDeploymentPostprocessing = 0;
		};
		A7EB4E271CD3428D003149F1 /* Frameworks */ = {
			isa = PBXFrameworksBuildPhase;
			buildActionMask = 2147483647;
			files = (
			);
			runOnlyForDeploymentPostprocessing = 0;
		};
		A7EB4E321CD3428D003149F1 /* Frameworks */ = {
			isa = PBXFrameworksBuildPhase;
			buildActionMask = 2147483647;
			files = (
			);
			runOnlyForDeploymentPostprocessing = 0;
		};
/* End PBXFrameworksBuildPhase section */

/* Begin PBXGroup section */
		A7EB4E051CD3428D003149F1 = {
			isa = PBXGroup;
			children = (
				A7EB4E101CD3428D003149F1 /* ContainerEx */,
				A7EB4E2D1CD3428D003149F1 /* ContainerExTests */,
				A7EB4E381CD3428D003149F1 /* ContainerExUITests */,
				A7EB4E0F1CD3428D003149F1 /* Products */,
			);
			sourceTree = "<group>";
		};
		A7EB4E0F1CD3428D003149F1 /* Products */ = {
			isa = PBXGroup;
			children = (
				A7EB4E0E1CD3428D003149F1 /* ContainerEx.app */,
				A7EB4E2A1CD3428D003149F1 /* ContainerExTests.xctest */,
				A7EB4E351CD3428D003149F1 /* ContainerExUITests.xctest */,
			);
			name = Products;
			sourceTree = "<group>";
		};
		A7EB4E101CD3428D003149F1 /* ContainerEx */ = {
			isa = PBXGroup;
			children = (
				A7EB4E511CD348F3003149F1 /* SliderMenu */,
				A7EB4E141CD3428D003149F1 /* AppDelegate.h */,
				A7EB4E151CD3428D003149F1 /* AppDelegate.m */,
				A7EB4E551CD34AFD003149F1 /* BaseViewController.h */,
				A7EB4E561CD34AFD003149F1 /* BaseViewController.m */,
				A7EB4E171CD3428D003149F1 /* ViewController.h */,
				A7EB4E181CD3428D003149F1 /* ViewController.m */,
				A7EB4E1A1CD3428D003149F1 /* Main.storyboard */,
				A7EB4E201CD3428D003149F1 /* Assets.xcassets */,
				A7EB4E221CD3428D003149F1 /* LaunchScreen.storyboard */,
				A7EB4E251CD3428D003149F1 /* Info.plist */,
				A7EB4E1D1CD3428D003149F1 /* ContainerEx.xcdatamodeld */,
				A7EB4E111CD3428D003149F1 /* Supporting Files */,
			);
			path = ContainerEx;
			sourceTree = "<group>";
		};
		A7EB4E111CD3428D003149F1 /* Supporting Files */ = {
			isa = PBXGroup;
			children = (
				A7EB4E121CD3428D003149F1 /* main.m */,
			);
			name = "Supporting Files";
			sourceTree = "<group>";
		};
		A7EB4E2D1CD3428D003149F1 /* ContainerExTests */ = {
			isa = PBXGroup;
			children = (
				A7EB4E2E1CD3428D003149F1 /* ContainerExTests.m */,
				A7EB4E301CD3428D003149F1 /* Info.plist */,
			);
			path = ContainerExTests;
			sourceTree = "<group>";
		};
		A7EB4E381CD3428D003149F1 /* ContainerExUITests */ = {
			isa = PBXGroup;
			children = (
				A7EB4E391CD3428D003149F1 /* ContainerExUITests.m */,
				A7EB4E3B1CD3428D003149F1 /* Info.plist */,
			);
			path = ContainerExUITests;
			sourceTree = "<group>";
		};
		A7EB4E511CD348F3003149F1 /* SliderMenu */ = {
			isa = PBXGroup;
			children = (
				A7EB4E5A1CD34EC3003149F1 /* SliderMenuTableViewCell.h */,
				A7EB4E5B1CD34EC3003149F1 /* SliderMenuTableViewCell.m */,
				A7EB4E5C1CD34EC3003149F1 /* SliderMenuTableViewCell.xib */,
			);
			name = SliderMenu;
			sourceTree = "<group>";
		};
/* End PBXGroup section */

/* Begin PBXNativeTarget section */
		A7EB4E0D1CD3428D003149F1 /* ContainerEx */ = {
			isa = PBXNativeTarget;
			buildConfigurationList = A7EB4E3E1CD3428D003149F1 /* Build configuration list for PBXNativeTarget "ContainerEx" */;
			buildPhases = (
				A7EB4E0A1CD3428D003149F1 /* Sources */,
				A7EB4E0B1CD3428D003149F1 /* Frameworks */,
				A7EB4E0C1CD3428D003149F1 /* Resources */,
			);
			buildRules = (
			);
			dependencies = (
			);
			name = ContainerEx;
			productName = ContainerEx;
			productReference = A7EB4E0E1CD3428D003149F1 /* ContainerEx.app */;
			productType = "com.apple.product-type.application";
		};
		A7EB4E291CD3428D003149F1 /* ContainerExTests */ = {
			isa = PBXNativeTarget;
			buildConfigurationList = A7EB4E411CD3428D003149F1 /* Build configuration list for PBXNativeTarget "ContainerExTests" */;
			buildPhases = (
				A7EB4E261CD3428D003149F1 /* Sources */,
				A7EB4E271CD3428D003149F1 /* Frameworks */,
				A7EB4E281CD3428D003149F1 /* Resources */,
			);
			buildRules = (
			);
			dependencies = (
				A7EB4E2C1CD3428D003149F1 /* PBXTargetDependency */,
			);
			name = ContainerExTests;
			productName = ContainerExTests;
			productReference = A7EB4E2A1CD3428D003149F1 /* ContainerExTests.xctest */;
			productType = "com.apple.product-type.bundle.unit-test";
		};
		A7EB4E341CD3428D003149F1 /* ContainerExUITests */ = {
			isa = PBXNativeTarget;
			buildConfigurationList = A7EB4E441CD3428D003149F1 /* Build configuration list for PBXNativeTarget "ContainerExUITests" */;
			buildPhases = (
				A7EB4E311CD3428D003149F1 /* Sources */,
				A7EB4E321CD3428D003149F1 /* Frameworks */,
				A7EB4E331CD3428D003149F1 /* Resources */,
			);
			buildRules = (
			);
			dependencies = (
				A7EB4E371CD3428D003149F1 /* PBXTargetDependency */,
			);
			name = ContainerExUITests;
			productName = ContainerExUITests;
			productReference = A7EB4E351CD3428D003149F1 /* ContainerExUITests.xctest */;
			productType = "com.apple.product-type.bundle.ui-testing";
		};
/* End PBXNativeTarget section */

/* Begin PBXProject section */
		A7EB4E061CD3428D003149F1 /* Project object */ = {
			isa = PBXProject;
			attributes = {
				LastUpgradeCheck = 0720;
				ORGANIZATIONNAME = lalaleelala;
				TargetAttributes = {
					A7EB4E0D1CD3428D003149F1 = {
						CreatedOnToolsVersion = 7.2.1;
					};
					A7EB4E291CD3428D003149F1 = {
						CreatedOnToolsVersion = 7.2.1;
						TestTargetID = A7EB4E0D1CD3428D003149F1;
					};
					A7EB4E341CD3428D003149F1 = {
						CreatedOnToolsVersion = 7.2.1;
						TestTargetID = A7EB4E0D1CD3428D003149F1;
					};
				};
			};
			buildConfigurationList = A7EB4E091CD3428D003149F1 /* Build configuration list for PBXProject "ContainerEx" */;
			compatibilityVersion = "Xcode 3.2";
			developmentRegion = English;
			hasScannedForEncodings = 0;
			knownRegions = (
				en,
				Base,
			);
			mainGroup = A7EB4E051CD3428D003149F1;
			productRefGroup = A7EB4E0F1CD3428D003149F1 /* Products */;
			projectDirPath = "";
			projectRoot = "";
			targets = (
				A7EB4E0D1CD3428D003149F1 /* ContainerEx */,
				A7EB4E291CD3428D003149F1 /* ContainerExTests */,
				A7EB4E341CD3428D003149F1 /* ContainerExUITests */,
			);
		};
/* End PBXProject section */

/* Begin PBXResourcesBuildPhase section */
		A7EB4E0C1CD3428D003149F1 /* Resources */ = {
			isa = PBXResourcesBuildPhase;
			buildActionMask = 2147483647;
			files = (
				A7EB4E241CD3428D003149F1 /* LaunchScreen.storyboard in Resources */,
				A7EB4E211CD3428D003149F1 /* Assets.xcassets in Resources */,
				A7EB4E1C1CD3428D003149F1 /* Main.storyboard in Resources */,
				A7EB4E5E1CD34EC3003149F1 /* SliderMenuTableViewCell.xib in Resources */,
			);
			runOnlyForDeploymentPostprocessing = 0;
		};
		A7EB4E281CD3428D003149F1 /* Resources */ = {
			isa = PBXResourcesBuildPhase;
			buildActionMask = 2147483647;
			files = (
			);
			runOnlyForDeploymentPostprocessing = 0;
		};
		A7EB4E331CD3428D003149F1 /* Resources */ = {
			isa = PBXResourcesBuildPhase;
			buildActionMask = 2147483647;
			files = (
			);
			runOnlyForDeploymentPostprocessing = 0;
		};
/* End PBXResourcesBuildPhase section */

/* Begin PBXSourcesBuildPhase section */
		A7EB4E0A1CD3428D003149F1 /* Sources */ = {
			isa = PBXSourcesBuildPhase;
			buildActionMask = 2147483647;
			files = (
				A7EB4E1F1CD3428D003149F1 /* ContainerEx.xcdatamodeld in Sources */,
				A7EB4E571CD34AFD003149F1 /* BaseViewController.m in Sources */,
				A7EB4E191CD3428D003149F1 /* ViewController.m in Sources */,
				A7EB4E161CD3428D003149F1 /* AppDelegate.m in Sources */,
				A7EB4E131CD3428D003149F1 /* main.m in Sources */,
				A7EB4E5D1CD34EC3003149F1 /* SliderMenuTableViewCell.m in Sources */,
			);
			runOnlyForDeploymentPostprocessing = 0;
		};
		A7EB4E261CD3428D003149F1 /* Sources */ = {
			isa = PBXSourcesBuildPhase;
			buildActionMask = 2147483647;
			files = (
				A7EB4E2F1CD3428D003149F1 /* ContainerExTests.m in Sources */,
			);
			runOnlyForDeploymentPostprocessing = 0;
		};
		A7EB4E311CD3428D003149F1 /* Sources */ = {
			isa = PBXSourcesBuildPhase;
			buildActionMask = 2147483647;
			files = (
				A7EB4E3A1CD3428D003149F1 /* ContainerExUITests.m in Sources */,
			);
			runOnlyForDeploymentPostprocessing = 0;
		};
/* End PBXSourcesBuildPhase section */

/* Begin PBXTargetDependency section */
		A7EB4E2C1CD3428D003149F1 /* PBXTargetDependency */ = {
			isa = PBXTargetDependency;
			target = A7EB4E0D1CD3428D003149F1 /* ContainerEx */;
			targetProxy = A7EB4E2B1CD3428D003149F1 /* PBXContainerItemProxy */;
		};
		A7EB4E371CD3428D003149F1 /* PBXTargetDependency */ = {
			isa = PBXTargetDependency;
			target = A7EB4E0D1CD3428D003149F1 /* ContainerEx */;
			targetProxy = A7EB4E361CD3428D003149F1 /* PBXContainerItemProxy */;
		};
/* End PBXTargetDependency section */

/* Begin PBXVariantGroup section */
		A7EB4E1A1CD3428D003149F1 /* Main.storyboard */ = {
			isa = PBXVariantGroup;
			children = (
				A7EB4E1B1CD3428D003149F1 /* Base */,
			);
			name = Main.storyboard;
			sourceTree = "<group>";
		};
		A7EB4E221CD3428D003149F1 /* LaunchScreen.storyboard */ = {
			isa = PBXVariantGroup;
			children = (
				A7EB4E231CD3428D003149F1 /* Base */,
			);
			name = LaunchScreen.storyboard;
			sourceTree = "<group>";
		};
/* End PBXVariantGroup section */

/* Begin XCBuildConfiguration section */
		A7EB4E3C1CD3428D003149F1 /* Debug */ = {
			isa = XCBuildConfiguration;
			buildSettings = {
				ALWAYS_SEARCH_USER_PATHS = NO;
				CLANG_CXX_LANGUAGE_STANDARD = "gnu++0x";
				CLANG_CXX_LIBRARY = "libc++";
				CLANG_ENABLE_MODULES = YES;
				CLANG_ENABLE_OBJC_ARC = YES;
				CLANG_WARN_BOOL_CONVERSION = YES;
				CLANG_WARN_CONSTANT_CONVERSION = YES;
				CLANG_WARN_DIRECT_OBJC_ISA_USAGE = YES_ERROR;
				CLANG_WARN_EMPTY_BODY = YES;
				CLANG_WARN_ENUM_CONVERSION = YES;
				CLANG_WARN_INT_CONVERSION = YES;
				CLANG_WARN_OBJC_ROOT_CLASS = YES_ERROR;
				CLANG_WARN_UNREACHABLE_CODE = YES;
				CLANG_WARN__DUPLICATE_METHOD_MATCH = YES;
				"CODE_SIGN_IDENTITY[sdk=iphoneos*]" = "iPhone Developer";
				COPY_PHASE_STRIP = NO;
				DEBUG_INFORMATION_FORMAT = dwarf;
				ENABLE_STRICT_OBJC_MSGSEND = YES;
				ENABLE_TESTABILITY = YES;
				GCC_C_LANGUAGE_STANDARD = gnu99;
				GCC_DYNAMIC_NO_PIC = NO;
				GCC_NO_COMMON_BLOCKS = YES;
				GCC_OPTIMIZATION_LEVEL = 0;
				GCC_PREPROCESSOR_DEFINITIONS = (
					"DEBUG=1",
					"$(inherited)",
				);
				GCC_WARN_64_TO_32_BIT_CONVERSION = YES;
				GCC_WARN_ABOUT_RETURN_TYPE = YES_ERROR;
				GCC_WARN_UNDECLARED_SELECTOR = YES;
				GCC_WARN_UNINITIALIZED_AUTOS = YES_AGGRESSIVE;
				GCC_WARN_UNUSED_FUNCTION = YES;
				GCC_WARN_UNUSED_VARIABLE = YES;
				IPHONEOS_DEPLOYMENT_TARGET = 9.2;
				MTL_ENABLE_DEBUG_INFO = YES;
				ONLY_ACTIVE_ARCH = YES;
				SDKROOT = iphoneos;
			};
			name = Debug;
		};
		A7EB4E3D1CD3428D003149F1 /* Release */ = {
			isa = XCBuildConfiguration;
			buildSettings = {
				ALWAYS_SEARCH_USER_PATHS = NO;
				CLANG_CXX_LANGUAGE_STANDARD = "gnu++0x";
				CLANG_CXX_LIBRARY = "libc++";
				CLANG_ENABLE_MODULES = YES;
				CLANG_ENABLE_OBJC_ARC = YES;
				CLANG_WARN_BOOL_CONVERSION = YES;
				CLANG_WARN_CONSTANT_CONVERSION = YES;
				CLANG_WARN_DIRECT_OBJC_ISA_USAGE = YES_ERROR;
				CLANG_WARN_EMPTY_BODY = YES;
				CLANG_WARN_ENUM_CONVERSION = YES;
				CLANG_WARN_INT_CONVERSION = YES;
				CLANG_WARN_OBJC_ROOT_CLASS = YES_ERROR;
				CLANG_WARN_UNREACHABLE_CODE = YES;
				CLANG_WARN__DUPLICATE_METHOD_MATCH = YES;
				"CODE_SIGN_IDENTITY[sdk=iphoneos*]" = "iPhone Developer";
				COPY_PHASE_STRIP = NO;
				DEBUG_INFORMATION_FORMAT = "dwarf-with-dsym";
				ENABLE_NS_ASSERTIONS = NO;
				ENABLE_STRICT_OBJC_MSGSEND = YES;
				GCC_C_LANGUAGE_STANDARD = gnu99;
				GCC_NO_COMMON_BLOCKS = YES;
				GCC_WARN_64_TO_32_BIT_CONVERSION = YES;
				GCC_WARN_ABOUT_RETURN_TYPE = YES_ERROR;
				GCC_WARN_UNDECLARED_SELECTOR = YES;
				GCC_WARN_UNINITIALIZED_AUTOS = YES_AGGRESSIVE;
				GCC_WARN_UNUSED_FUNCTION = YES;
				GCC_WARN_UNUSED_VARIABLE = YES;
				IPHONEOS_DEPLOYMENT_TARGET = 9.2;
				MTL_ENABLE_DEBUG_INFO = NO;
				SDKROOT = iphoneos;
				VALIDATE_PRODUCT = YES;
			};
			name = Release;
		};
		A7EB4E3F1CD3428D003149F1 /* Debug */ = {
			isa = XCBuildConfiguration;
			buildSettings = {
				ASSETCATALOG_COMPILER_APPICON_NAME = AppIcon;
				INFOPLIST_FILE = ContainerEx/Info.plist;
				LD_RUNPATH_SEARCH_PATHS = "$(inherited) @executable_path/Frameworks";
				PRODUCT_BUNDLE_IDENTIFIER = com.FacebookDemoOne0706.ContainerEx;
				PRODUCT_NAME = "$(TARGET_NAME)";
			};
			name = Debug;
		};
		A7EB4E401CD3428D003149F1 /* Release */ = {
			isa = XCBuildConfiguration;
			buildSettings = {
				ASSETCATALOG_COMPILER_APPICON_NAME = AppIcon;
				INFOPLIST_FILE = ContainerEx/Info.plist;
				LD_RUNPATH_SEARCH_PATHS = "$(inherited) @executable_path/Frameworks";
				PRODUCT_BUNDLE_IDENTIFIER = com.FacebookDemoOne0706.ContainerEx;
				PRODUCT_NAME = "$(TARGET_NAME)";
			};
			name = Release;
		};
		A7EB4E421CD3428D003149F1 /* Debug */ = {
			isa = XCBuildConfiguration;
			buildSettings = {
				BUNDLE_LOADER = "$(TEST_HOST)";
				INFOPLIST_FILE = ContainerExTests/Info.plist;
				LD_RUNPATH_SEARCH_PATHS = "$(inherited) @executable_path/Frameworks @loader_path/Frameworks";
				PRODUCT_BUNDLE_IDENTIFIER = com.FacebookDemoOne0706.ContainerExTests;
				PRODUCT_NAME = "$(TARGET_NAME)";
				TEST_HOST = "$(BUILT_PRODUCTS_DIR)/ContainerEx.app/ContainerEx";
			};
			name = Debug;
		};
		A7EB4E431CD3428D003149F1 /* Release */ = {
			isa = XCBuildConfiguration;
			buildSettings = {
				BUNDLE_LOADER = "$(TEST_HOST)";
				INFOPLIST_FILE = ContainerExTests/Info.plist;
				LD_RUNPATH_SEARCH_PATHS = "$(inherited) @executable_path/Frameworks @loader_path/Frameworks";
				PRODUCT_BUNDLE_IDENTIFIER = com.FacebookDemoOne0706.ContainerExTests;
				PRODUCT_NAME = "$(TARGET_NAME)";
				TEST_HOST = "$(BUILT_PRODUCTS_DIR)/ContainerEx.app/ContainerEx";
			};
			name = Release;
		};
		A7EB4E451CD3428D003149F1 /* Debug */ = {
			isa = XCBuildConfiguration;
			buildSettings = {
				INFOPLIST_FILE = ContainerExUITests/Info.plist;
				LD_RUNPATH_SEARCH_PATHS = "$(inherited) @executable_path/Frameworks @loader_path/Frameworks";
				PRODUCT_BUNDLE_IDENTIFIER = com.FacebookDemoOne0706.ContainerExUITests;
				PRODUCT_NAME = "$(TARGET_NAME)";
				TEST_TARGET_NAME = ContainerEx;
				USES_XCTRUNNER = YES;
			};
			name = Debug;
		};
		A7EB4E461CD3428D003149F1 /* Release */ = {
			isa = XCBuildConfiguration;
			buildSettings = {
				INFOPLIST_FILE = ContainerExUITests/Info.plist;
				LD_RUNPATH_SEARCH_PATHS = "$(inherited) @executable_path/Frameworks @loader_path/Frameworks";
				PRODUCT_BUNDLE_IDENTIFIER = com.FacebookDemoOne0706.ContainerExUITests;
				PRODUCT_NAME = "$(TARGET_NAME)";
				TEST_TARGET_NAME = ContainerEx;
				USES_XCTRUNNER = YES;
			};
			name = Release;
		};
/* End XCBuildConfiguration section */

/* Begin XCConfigurationList section */
		A7EB4E091CD3428D003149F1 /* Build configuration list for PBXProject "ContainerEx" */ = {
			isa = XCConfigurationList;
			buildConfigurations = (
				A7EB4E3C1CD3428D003149F1 /* Debug */,
				A7EB4E3D1CD3428D003149F1 /* Release */,
			);
			defaultConfigurationIsVisible = 0;
			defaultConfigurationName = Release;
		};
		A7EB4E3E1CD3428D003149F1 /* Build configuration list for PBXNativeTarget "ContainerEx" */ = {
			isa = XCConfigurationList;
			buildConfigurations = (
				A7EB4E3F1CD3428D003149F1 /* Debug */,
				A7EB4E401CD3428D003149F1 /* Release */,
			);
			defaultConfigurationIsVisible = 0;
		};
		A7EB4E411CD3428D003149F1 /* Build configuration list for PBXNativeTarget "ContainerExTests" */ = {
			isa = XCConfigurationList;
			buildConfigurations = (
				A7EB4E421CD3428D003149F1 /* Debug */,
				A7EB4E431CD3428D003149F1 /* Release */,
			);
			defaultConfigurationIsVisible = 0;
		};
		A7EB4E441CD3428D003149F1 /* Build configuration list for PBXNativeTarget "ContainerExUITests" */ = {
			isa = XCConfigurationList;
			buildConfigurations = (
				A7EB4E451CD3428D003149F1 /* Debug */,
				A7EB4E461CD3428D003149F1 /* Release */,
			);
			defaultConfigurationIsVisible = 0;
		};
/* End XCConfigurationList section */

/* Begin XCVersionGroup section */
		A7EB4E1D1CD3428D003149F1 /* ContainerEx.xcdatamodeld */ = {
			isa = XCVersionGroup;
			children = (
				A7EB4E1E1CD3428D003149F1 /* ContainerEx.xcdatamodel */,
			);
			currentVersion = A7EB4E1E1CD3428D003149F1 /* ContainerEx.xcdatamodel */;
			path = ContainerEx.xcdatamodeld;
			sourceTree = "<group>";
			versionGroupType = wrapper.xcdatamodel;
		};
/* End XCVersionGroup section */
	};
	rootObject = A7EB4E061CD3428D003149F1 /* Project object */;
}
